
Microsoft Visual Studio Solution File, Format Version 12.00
# Visual Studio Version 17
VisualStudioVersion = 17.5.002.0
MinimumVisualStudioVersion = 10.0.40219.1
Project("{9A19103F-16F7-4668-BE54-9A1E7A4F7556}") = "PlannerApi", "PlannerApi.csproj", "{E38A8590-9D33-426B-982A-783DBDE7EC85}"
EndProject
Global
	GlobalSection(SolutionConfigurationPlatforms) = preSolution
		Debug|Any CPU = Debug|Any CPU
		Release|Any CPU = Release|Any CPU
	EndGlobalSection
	GlobalSection(ProjectConfigurationPlatforms) = postSolution
		{E38A8590-9D33-426B-982A-783DBDE7EC85}.Debug|Any CPU.ActiveCfg = Debug|Any CPU
		{E38A8590-9D33-426B-982A-783DBDE7EC85}.Debug|Any CPU.Build.0 = Debug|Any CPU
		{E38A8590-9D33-426B-982A-783DBDE7EC85}.Release|Any CPU.ActiveCfg = Release|Any CPU
		{E38A8590-9D33-426B-982A-783DBDE7EC85}.Release|Any CPU.Build.0 = Release|Any CPU
	EndGlobalSection
	GlobalSection(SolutionProperties) = preSolution
		HideSolutionNode = FALSE
	EndGlobalSection
	GlobalSection(ExtensibilityGlobals) = postSolution
		SolutionGuid = {E825A9F7-2FF1-4A8B-B0E7-90CF5BEE821F}
	EndGlobalSection
EndGlobal
